
Microsoft Visual Studio Solution File, Format Version 12.00
# Visual Studio Version 17
VisualStudioVersion = 17.1.32228.430
MinimumVisualStudioVersion = 10.0.40219.1
Project("{9A19103F-16F7-4668-BE54-9A1E7A4F7556}") = "FoodTrackerApp", "FoodTrackerApp1\FoodTrackerApp.csproj", "{EA85A984-1295-4160-B6F1-11838FD43CD7}"
EndProject
Global
	GlobalSection(SolutionConfigurationPlatforms) = preSolution
		Debug|Any CPU = Debug|Any CPU
		Release|Any CPU = Release|Any CPU
	EndGlobalSection
	GlobalSection(ProjectConfigurationPlatforms) = postSolution
		{EA85A984-1295-4160-B6F1-11838FD43CD7}.Debug|Any CPU.ActiveCfg = Debug|Any CPU
		{EA85A984-1295-4160-B6F1-11838FD43CD7}.Debug|Any CPU.Build.0 = Debug|Any CPU
		{EA85A984-1295-4160-B6F1-11838FD43CD7}.Release|Any CPU.ActiveCfg = Release|Any CPU
		{EA85A984-1295-4160-B6F1-11838FD43CD7}.Release|Any CPU.Build.0 = Release|Any CPU
	EndGlobalSection
	GlobalSection(SolutionProperties) = preSolution
		HideSolutionNode = FALSE
	EndGlobalSection
	GlobalSection(ExtensibilityGlobals) = postSolution
		SolutionGuid = {F440DCA3-4015-43AB-BA8C-DA7F6D44B08A}
	EndGlobalSection
EndGlobal
